
Microsoft Visual Studio Solution File, Format Version 12.00
# Visual Studio Version 16
VisualStudioVersion = 16.0.31605.320
MinimumVisualStudioVersion = 10.0.40219.1
Project("{FAE04EC0-301F-11D3-BF4B-00C04F79EFBC}") = "PurchaseOrdersUnitTestDemo", "PurchaseOrdersUnitTestDemo\PurchaseOrdersUnitTestDemo.csproj", "{F5837397-B575-4EAC-9006-6C2C196D7594}"
EndProject
Project("{FAE04EC0-301F-11D3-BF4B-00C04F79EFBC}") = "PurchaseOrders", "PurchaseOrders\PurchaseOrders.csproj", "{D1C7F2EF-7190-44C6-9633-B5FC1FE01BB6}"
EndProject
Project("{FAE04EC0-301F-11D3-BF4B-00C04F79EFBC}") = "PurchaseOrderUI", "PurchaseOrderUI\PurchaseOrderUI.csproj", "{ADFAD1C9-6E75-4551-97B1-DF409F27E728}"
EndProject
Global
	GlobalSection(SolutionConfigurationPlatforms) = preSolution
		Debug|Any CPU = Debug|Any CPU
		Release|Any CPU = Release|Any CPU
	EndGlobalSection
	GlobalSection(ProjectConfigurationPlatforms) = postSolution
		{F5837397-B575-4EAC-9006-6C2C196D7594}.Debug|Any CPU.ActiveCfg = Debug|Any CPU
		{F5837397-B575-4EAC-9006-6C2C196D7594}.Debug|Any CPU.Build.0 = Debug|Any CPU
		{F5837397-B575-4EAC-9006-6C2C196D7594}.Release|Any CPU.ActiveCfg = Release|Any CPU
		{F5837397-B575-4EAC-9006-6C2C196D7594}.Release|Any CPU.Build.0 = Release|Any CPU
		{D1C7F2EF-7190-44C6-9633-B5FC1FE01BB6}.Debug|Any CPU.ActiveCfg = Debug|Any CPU
		{D1C7F2EF-7190-44C6-9633-B5FC1FE01BB6}.Debug|Any CPU.Build.0 = Debug|Any CPU
		{D1C7F2EF-7190-44C6-9633-B5FC1FE01BB6}.Release|Any CPU.ActiveCfg = Release|Any CPU
		{D1C7F2EF-7190-44C6-9633-B5FC1FE01BB6}.Release|Any CPU.Build.0 = Release|Any CPU
		{ADFAD1C9-6E75-4551-97B1-DF409F27E728}.Debug|Any CPU.ActiveCfg = Debug|Any CPU
		{ADFAD1C9-6E75-4551-97B1-DF409F27E728}.Debug|Any CPU.Build.0 = Debug|Any CPU
		{ADFAD1C9-6E75-4551-97B1-DF409F27E728}.Release|Any CPU.ActiveCfg = Release|Any CPU
		{ADFAD1C9-6E75-4551-97B1-DF409F27E728}.Release|Any CPU.Build.0 = Release|Any CPU
	EndGlobalSection
	GlobalSection(SolutionProperties) = preSolution
		HideSolutionNode = FALSE
	EndGlobalSection
	GlobalSection(ExtensibilityGlobals) = postSolution
		SolutionGuid = {FF080A05-EF53-4D75-8B36-F3D76D76D97F}
	EndGlobalSection
EndGlobal
